{
  "originHash" : "d92c8fce4f907c1643244b51327457480b12e124e1b54086981bab963d29bd93",
  "pins" : [
    {
      "identity" : "emojikit",
      "kind" : "remoteSourceControl",
      "location" : "https://github.com/niklasamslgruber/EmojiKit",
      "state" : {
        "branch" : "main",
        "revision" : "b57c28995b8e398d31be0c8b07de0917b0ebb84b"
      }
    },
    {
      "identity" : "swiftui-introspect",
      "kind" : "remoteSourceControl",
      "location" : "https://github.com/siteline/swiftui-introspect",
      "state" : {
        "revision" : "9bedf1e79c7b7c34b35b74bef126f56d2400ef7f",
        "version" : "1.4.0-beta.4"
      }
    }
  ],
  "version" : 3
}
