{
  "originHash" : "34c66877b481ce25590fc3ac387201076dbdad30aaec28e9d360c864facabb75",
  "pins" : [
    {
      "identity" : "swiftui-introspect",
      "kind" : "remoteSourceControl",
      "location" : "https://github.com/siteline/swiftui-introspect",
      "state" : {
        "revision" : "9bedf1e79c7b7c34b35b74bef126f56d2400ef7f",
        "version" : "1.4.0-beta.4"
      }
    }
  ],
  "version" : 3
}
