{
  "originHash" : "115825377196310700b67e741c77445c3ddcfecb05addba997a057e501d14942",
  "pins" : [
    {
      "identity" : "swiftui-introspect",
      "kind" : "remoteSourceControl",
      "location" : "https://github.com/siteline/swiftui-introspect",
      "state" : {
        "revision" : "712db7f70540eb0d09d72a7a34c6fa6092c9a142",
        "version" : "26.0.0-rc.1"
      }
    },
    {
      "identity" : "time",
      "kind" : "remoteSourceControl",
      "location" : "https://github.com/davedelong/time",
      "state" : {
        "revision" : "b652fe17d13dca2ed5f3aa0209b309de4a10821d",
        "version" : "1.0.2"
      }
    }
  ],
  "version" : 3
}
